github.com/jinzhu/inflection v1.0.0 h1:K317FqzuhWc8YvSVlFMCCUb36O/S9MCKRDI7QkRKD/E=
github.com/jinzhu/inflection v1.0.0/go.mod h1:h+uFLlag+Qp1Va5pdKtLDYj+kHp5pxUVkryuEj+Srlc=
github.com/jinzhu/now v1.1.5 h1:/o9tlHleP7gOFmsnYNz3RGnqzefHA47wQpKrrdTIwXQ=
github.com/jinzhu/now v1.1.5/go.mod h1:d3SSVoowX0Lcu0IBviAWJpolVfI5UJVZZ7cO71lE/z8=
github.com/joegasewicz/entity-file-uploader v0.0.7 h1:QNDuWIAKzpqiP4cqJBiQe5AQlISBpcN/ZeHr1pE5kA0=
github.com/joegasewicz/entity-file-uploader v0.0.7/go.mod h1:IuzLPzIzF0YUJ6smx7ZxctEHhyeRnUy+r0czRyV88d8=
github.com/joegasewicz/gomek v0.4.5 h1:ucATHGIvOk25NMqfP1rPwq6a3dFVUwg8Ur4bdwomYL8=
github.com/joegasewicz/gomek v0.4.5/go.mod h1:xIA1E1/iQc/4XB+YgiKDYtfH5wmUXRn78DocLH5urGI=
github.com/joegasewicz/pg-conf v0.1.2 h1:MeBgfuu/N1HRQDp+/RPtctPR0phA65PhgG5W2aZ4D1g=
github.com/joegasewicz/pg-conf v0.1.2/go.mod h1:lbNke2WCF6IMgYVeLRLqan/1m9jrQSuYuJVEgMRbp4g=
github.com/joegasewicz/status-writer v0.1.0 h1:hcS/EQ78FoeVtmK90sZPrCPO1PyXK9UO1Cxfw29Q/3U=
github.com/joegasewicz/status-writer v0.1.0/go.mod h1:7NiC8jbjB1SxpVURMYsViRZeyQrPEBu/gSEjnwDDw+U=
gorm.io/gorm v1.25.0 h1:+KtYtb2roDz14EQe4bla8CbQlmb9dN3VejSai3lprfU=
gorm.io/gorm v1.25.0/go.mod h1:L4uxeKpfBml98NYqVqwAdmV1a2nBtAec/cf3fpucW/k=
